
Microsoft Visual Studio Solution File, Format Version 12.00
# Visual Studio Version 16
VisualStudioVersion = 16.0.31205.134
MinimumVisualStudioVersion = 10.0.40219.1
Project("{FAE04EC0-301F-11D3-BF4B-00C04F79EFBC}") = "pusty kwadrat", "pusty kwadrat\pusty kwadrat.csproj", "{B2FB015E-A895-44FD-9836-0AA4168B251D}"
EndProject
Global
	GlobalSection(SolutionConfigurationPlatforms) = preSolution
		Debug|Any CPU = Debug|Any CPU
		Release|Any CPU = Release|Any CPU
	EndGlobalSection
	GlobalSection(ProjectConfigurationPlatforms) = postSolution
		{B2FB015E-A895-44FD-9836-0AA4168B251D}.Debug|Any CPU.ActiveCfg = Debug|Any CPU
		{B2FB015E-A895-44FD-9836-0AA4168B251D}.Debug|Any CPU.Build.0 = Debug|Any CPU
		{B2FB015E-A895-44FD-9836-0AA4168B251D}.Release|Any CPU.ActiveCfg = Release|Any CPU
		{B2FB015E-A895-44FD-9836-0AA4168B251D}.Release|Any CPU.Build.0 = Release|Any CPU
	EndGlobalSection
	GlobalSection(SolutionProperties) = preSolution
		HideSolutionNode = FALSE
	EndGlobalSection
	GlobalSection(ExtensibilityGlobals) = postSolution
		SolutionGuid = {DC46C90A-A5B1-434E-93A4-E3E4691120BD}
	EndGlobalSection
EndGlobal
